
Microsoft Visual Studio Solution File, Format Version 12.00
# Visual Studio 15
VisualStudioVersion = 15.0.26403.7
MinimumVisualStudioVersion = 10.0.40219.1
Project("{FAE04EC0-301F-11D3-BF4B-00C04F79EFBC}") = "MyRXTested", "MyRX\MyRXTested.csproj", "{3CEEA3F2-E791-4ED7-861E-FFA038AEA8C2}"
EndProject
Global
	GlobalSection(SolutionConfigurationPlatforms) = preSolution
		Debug|Any CPU = Debug|Any CPU
		Release|Any CPU = Release|Any CPU
	EndGlobalSection
	GlobalSection(ProjectConfigurationPlatforms) = postSolution
		{3CEEA3F2-E791-4ED7-861E-FFA038AEA8C2}.Debug|Any CPU.ActiveCfg = Debug|Any CPU
		{3CEEA3F2-E791-4ED7-861E-FFA038AEA8C2}.Debug|Any CPU.Build.0 = Debug|Any CPU
		{3CEEA3F2-E791-4ED7-861E-FFA038AEA8C2}.Release|Any CPU.ActiveCfg = Release|Any CPU
		{3CEEA3F2-E791-4ED7-861E-FFA038AEA8C2}.Release|Any CPU.Build.0 = Release|Any CPU
	EndGlobalSection
	GlobalSection(SolutionProperties) = preSolution
		HideSolutionNode = FALSE
	EndGlobalSection
	GlobalSection(ExtensibilityGlobals) = postSolution
		SolutionGuid = {F2C99955-7676-45CB-A602-6C0A1423319F}
	EndGlobalSection
EndGlobal
